[[package]]
name = "keras"
version = "2.10.0"
description = "Deep learning for humans."
category = "main"
optional = false
python-versions = "*"

[metadata]
lock-version = "1.1"
python-versions = "^3.10"
content-hash = "d5e5d700b42c9d3b8dceb38651de0f5a9005134c8a251fd16d7ebc50dc680a46"

[metadata.files]
keras = [
    {file = "keras-2.10.0-py2.py3-none-any.whl", hash = "sha256:26a6e2c2522e7468ddea22710a99b3290493768fc08a39e75d1173a0e3452fdf"},
]
